
Microsoft Visual Studio Solution File, Format Version 12.00
# Visual Studio 15
VisualStudioVersion = 15.0.28307.102
MinimumVisualStudioVersion = 10.0.40219.1
Project("{FAE04EC0-301F-11D3-BF4B-00C04F79EFBC}") = "App7.Android", "App7\App7.Android\App7.Android.csproj", "{6ABD6995-3F4B-43E1-A016-2CCB31FE97B3}"
EndProject
Project("{FAE04EC0-301F-11D3-BF4B-00C04F79EFBC}") = "App7", "App7\App7\App7.csproj", "{F3EF6A3E-E542-40FF-88D8-737EEEDBFD5A}"
EndProject
Global
	GlobalSection(SolutionConfigurationPlatforms) = preSolution
		Debug|Any CPU = Debug|Any CPU
		Release|Any CPU = Release|Any CPU
	EndGlobalSection
	GlobalSection(ProjectConfigurationPlatforms) = postSolution
		{6ABD6995-3F4B-43E1-A016-2CCB31FE97B3}.Debug|Any CPU.ActiveCfg = Debug|Any CPU
		{6ABD6995-3F4B-43E1-A016-2CCB31FE97B3}.Debug|Any CPU.Build.0 = Debug|Any CPU
		{6ABD6995-3F4B-43E1-A016-2CCB31FE97B3}.Debug|Any CPU.Deploy.0 = Debug|Any CPU
		{6ABD6995-3F4B-43E1-A016-2CCB31FE97B3}.Release|Any CPU.ActiveCfg = Release|Any CPU
		{6ABD6995-3F4B-43E1-A016-2CCB31FE97B3}.Release|Any CPU.Build.0 = Release|Any CPU
		{6ABD6995-3F4B-43E1-A016-2CCB31FE97B3}.Release|Any CPU.Deploy.0 = Release|Any CPU
		{F3EF6A3E-E542-40FF-88D8-737EEEDBFD5A}.Debug|Any CPU.ActiveCfg = Debug|Any CPU
		{F3EF6A3E-E542-40FF-88D8-737EEEDBFD5A}.Debug|Any CPU.Build.0 = Debug|Any CPU
		{F3EF6A3E-E542-40FF-88D8-737EEEDBFD5A}.Debug|Any CPU.Deploy.0 = Debug|Any CPU
		{F3EF6A3E-E542-40FF-88D8-737EEEDBFD5A}.Release|Any CPU.ActiveCfg = Release|Any CPU
		{F3EF6A3E-E542-40FF-88D8-737EEEDBFD5A}.Release|Any CPU.Build.0 = Release|Any CPU
		{F3EF6A3E-E542-40FF-88D8-737EEEDBFD5A}.Release|Any CPU.Deploy.0 = Release|Any CPU
	EndGlobalSection
	GlobalSection(SolutionProperties) = preSolution
		HideSolutionNode = FALSE
	EndGlobalSection
	GlobalSection(ExtensibilityGlobals) = postSolution
		SolutionGuid = {A08A023A-7C9B-49CD-8495-6B21A87C6E04}
	EndGlobalSection
EndGlobal
